
Microsoft Visual Studio Solution File, Format Version 12.00
Project("{FAE04EC0-301F-11D3-BF4B-00C04F79EFBC}") = "Day01", "Day01\Day01.csproj", "{E195EDE6-7DFA-4D91-88CA-1E83EB62C8A5}"
EndProject
Project("{FAE04EC0-301F-11D3-BF4B-00C04F79EFBC}") = "Shared", "Shared\Shared.csproj", "{27664097-DD3E-498E-ABE8-0DB1B9662A64}"
EndProject
Project("{FAE04EC0-301F-11D3-BF4B-00C04F79EFBC}") = "Day02", "Day02\Day02.csproj", "{C9E89A7A-0BEF-4905-81FC-5F76D3E443B4}"
EndProject
Project("{FAE04EC0-301F-11D3-BF4B-00C04F79EFBC}") = "Day03", "Day03\Day03.csproj", "{D9D85FA5-A4B6-4247-92EE-D78B041B788F}"
EndProject
Project("{FAE04EC0-301F-11D3-BF4B-00C04F79EFBC}") = "Day04", "Day04\Day04.csproj", "{70BDD672-54FA-4C92-9D6D-E118E86C8C24}"
EndProject
Project("{FAE04EC0-301F-11D3-BF4B-00C04F79EFBC}") = "Day05", "Day05\Day05.csproj", "{CBF46848-8043-4719-B490-B7DA814707F9}"
EndProject
Project("{FAE04EC0-301F-11D3-BF4B-00C04F79EFBC}") = "Day06", "Day06\Day06.csproj", "{D08B87F6-4583-4A28-AFF9-CCF9BCAD185A}"
EndProject
Project("{FAE04EC0-301F-11D3-BF4B-00C04F79EFBC}") = "Day07", "Day07\Day07.csproj", "{66F14477-2C1C-43E5-B80C-DD68B3357587}"
EndProject
Project("{FAE04EC0-301F-11D3-BF4B-00C04F79EFBC}") = "Day08", "Day08\Day08.csproj", "{185C0E61-D829-49CE-9F38-BC729CE6CD59}"
EndProject
Project("{FAE04EC0-301F-11D3-BF4B-00C04F79EFBC}") = "Day09", "Day09\Day09.csproj", "{2E2754C7-89CA-4120-B6D2-E7DDDF7E5370}"
EndProject
Project("{FAE04EC0-301F-11D3-BF4B-00C04F79EFBC}") = "Day10", "Day10\Day10.csproj", "{9F8FC9AE-EFA4-45F9-BC94-591E227FA9BD}"
EndProject
Project("{FAE04EC0-301F-11D3-BF4B-00C04F79EFBC}") = "Day11", "Day11\Day11.csproj", "{B851099D-3B1F-4F85-B5B4-EED056C0A79B}"
EndProject
Global
	GlobalSection(SolutionConfigurationPlatforms) = preSolution
		Debug|Any CPU = Debug|Any CPU
		Release|Any CPU = Release|Any CPU
	EndGlobalSection
	GlobalSection(ProjectConfigurationPlatforms) = postSolution
		{E195EDE6-7DFA-4D91-88CA-1E83EB62C8A5}.Debug|Any CPU.ActiveCfg = Debug|Any CPU
		{E195EDE6-7DFA-4D91-88CA-1E83EB62C8A5}.Debug|Any CPU.Build.0 = Debug|Any CPU
		{E195EDE6-7DFA-4D91-88CA-1E83EB62C8A5}.Release|Any CPU.ActiveCfg = Release|Any CPU
		{E195EDE6-7DFA-4D91-88CA-1E83EB62C8A5}.Release|Any CPU.Build.0 = Release|Any CPU
		{27664097-DD3E-498E-ABE8-0DB1B9662A64}.Debug|Any CPU.ActiveCfg = Debug|Any CPU
		{27664097-DD3E-498E-ABE8-0DB1B9662A64}.Debug|Any CPU.Build.0 = Debug|Any CPU
		{27664097-DD3E-498E-ABE8-0DB1B9662A64}.Release|Any CPU.ActiveCfg = Release|Any CPU
		{27664097-DD3E-498E-ABE8-0DB1B9662A64}.Release|Any CPU.Build.0 = Release|Any CPU
		{C9E89A7A-0BEF-4905-81FC-5F76D3E443B4}.Debug|Any CPU.ActiveCfg = Debug|Any CPU
		{C9E89A7A-0BEF-4905-81FC-5F76D3E443B4}.Debug|Any CPU.Build.0 = Debug|Any CPU
		{C9E89A7A-0BEF-4905-81FC-5F76D3E443B4}.Release|Any CPU.ActiveCfg = Release|Any CPU
		{C9E89A7A-0BEF-4905-81FC-5F76D3E443B4}.Release|Any CPU.Build.0 = Release|Any CPU
		{D9D85FA5-A4B6-4247-92EE-D78B041B788F}.Debug|Any CPU.ActiveCfg = Debug|Any CPU
		{D9D85FA5-A4B6-4247-92EE-D78B041B788F}.Debug|Any CPU.Build.0 = Debug|Any CPU
		{D9D85FA5-A4B6-4247-92EE-D78B041B788F}.Release|Any CPU.ActiveCfg = Release|Any CPU
		{D9D85FA5-A4B6-4247-92EE-D78B041B788F}.Release|Any CPU.Build.0 = Release|Any CPU
		{70BDD672-54FA-4C92-9D6D-E118E86C8C24}.Debug|Any CPU.ActiveCfg = Debug|Any CPU
		{70BDD672-54FA-4C92-9D6D-E118E86C8C24}.Debug|Any CPU.Build.0 = Debug|Any CPU
		{70BDD672-54FA-4C92-9D6D-E118E86C8C24}.Release|Any CPU.ActiveCfg = Release|Any CPU
		{70BDD672-54FA-4C92-9D6D-E118E86C8C24}.Release|Any CPU.Build.0 = Release|Any CPU
		{CBF46848-8043-4719-B490-B7DA814707F9}.Debug|Any CPU.ActiveCfg = Debug|Any CPU
		{CBF46848-8043-4719-B490-B7DA814707F9}.Debug|Any CPU.Build.0 = Debug|Any CPU
		{CBF46848-8043-4719-B490-B7DA814707F9}.Release|Any CPU.ActiveCfg = Release|Any CPU
		{CBF46848-8043-4719-B490-B7DA814707F9}.Release|Any CPU.Build.0 = Release|Any CPU
		{D08B87F6-4583-4A28-AFF9-CCF9BCAD185A}.Debug|Any CPU.ActiveCfg = Debug|Any CPU
		{D08B87F6-4583-4A28-AFF9-CCF9BCAD185A}.Debug|Any CPU.Build.0 = Debug|Any CPU
		{D08B87F6-4583-4A28-AFF9-CCF9BCAD185A}.Release|Any CPU.ActiveCfg = Release|Any CPU
		{D08B87F6-4583-4A28-AFF9-CCF9BCAD185A}.Release|Any CPU.Build.0 = Release|Any CPU
		{66F14477-2C1C-43E5-B80C-DD68B3357587}.Debug|Any CPU.ActiveCfg = Debug|Any CPU
		{66F14477-2C1C-43E5-B80C-DD68B3357587}.Debug|Any CPU.Build.0 = Debug|Any CPU
		{66F14477-2C1C-43E5-B80C-DD68B3357587}.Release|Any CPU.ActiveCfg = Release|Any CPU
		{66F14477-2C1C-43E5-B80C-DD68B3357587}.Release|Any CPU.Build.0 = Release|Any CPU
		{185C0E61-D829-49CE-9F38-BC729CE6CD59}.Debug|Any CPU.ActiveCfg = Debug|Any CPU
		{185C0E61-D829-49CE-9F38-BC729CE6CD59}.Debug|Any CPU.Build.0 = Debug|Any CPU
		{185C0E61-D829-49CE-9F38-BC729CE6CD59}.Release|Any CPU.ActiveCfg = Release|Any CPU
		{185C0E61-D829-49CE-9F38-BC729CE6CD59}.Release|Any CPU.Build.0 = Release|Any CPU
		{2E2754C7-89CA-4120-B6D2-E7DDDF7E5370}.Debug|Any CPU.ActiveCfg = Debug|Any CPU
		{2E2754C7-89CA-4120-B6D2-E7DDDF7E5370}.Debug|Any CPU.Build.0 = Debug|Any CPU
		{2E2754C7-89CA-4120-B6D2-E7DDDF7E5370}.Release|Any CPU.ActiveCfg = Release|Any CPU
		{2E2754C7-89CA-4120-B6D2-E7DDDF7E5370}.Release|Any CPU.Build.0 = Release|Any CPU
		{9F8FC9AE-EFA4-45F9-BC94-591E227FA9BD}.Debug|Any CPU.ActiveCfg = Debug|Any CPU
		{9F8FC9AE-EFA4-45F9-BC94-591E227FA9BD}.Debug|Any CPU.Build.0 = Debug|Any CPU
		{9F8FC9AE-EFA4-45F9-BC94-591E227FA9BD}.Release|Any CPU.ActiveCfg = Release|Any CPU
		{9F8FC9AE-EFA4-45F9-BC94-591E227FA9BD}.Release|Any CPU.Build.0 = Release|Any CPU
		{B851099D-3B1F-4F85-B5B4-EED056C0A79B}.Debug|Any CPU.ActiveCfg = Debug|Any CPU
		{B851099D-3B1F-4F85-B5B4-EED056C0A79B}.Debug|Any CPU.Build.0 = Debug|Any CPU
		{B851099D-3B1F-4F85-B5B4-EED056C0A79B}.Release|Any CPU.ActiveCfg = Release|Any CPU
		{B851099D-3B1F-4F85-B5B4-EED056C0A79B}.Release|Any CPU.Build.0 = Release|Any CPU
	EndGlobalSection
EndGlobal
